// !$*UTF8*$!
{
	archiveVersion = 1;
	classes = {
	};
	objectVersion = 56;
	objects = {

/* Begin PBXBuildFile section */
		9F59D49C297D68D4003B4512 /* Device+CoreDataClass.swift in Sources */ = {isa = PBXBuildFile; fileRef = 9F59D49A297D68D4003B4512 /* Device+CoreDataClass.swift */; };
		9F59D49D297D68D4003B4512 /* Device+CoreDataProperties.swift in Sources */ = {isa = PBXBuildFile; fileRef = 9F59D49B297D68D4003B4512 /* Device+CoreDataProperties.swift */; };
		9F59D49F297D7F74003B4512 /* DeviceExtensions.swift in Sources */ = {isa = PBXBuildFile; fileRef = 9F59D49E297D7F74003B4512 /* DeviceExtensions.swift */; };
		9F59D4A2297D86EF003B4512 /* Relay+CoreDataClass.swift in Sources */ = {isa = PBXBuildFile; fileRef = 9F59D4A0297D86EF003B4512 /* Relay+CoreDataClass.swift */; };
		9F59D4A3297D86EF003B4512 /* Relay+CoreDataProperties.swift in Sources */ = {isa = PBXBuildFile; fileRef = 9F59D4A1297D86EF003B4512 /* Relay+CoreDataProperties.swift */; };
		9FC71208297C66E200920CA1 /* RemoteControlApp.swift in Sources */ = {isa = PBXBuildFile; fileRef = 9FC71207297C66E200920CA1 /* RemoteControlApp.swift */; };
		9FC7120A297C66E200920CA1 /* ParentView.swift in Sources */ = {isa = PBXBuildFile; fileRef = 9FC71209297C66E200920CA1 /* ParentView.swift */; };
		9FC7120C297C66E300920CA1 /* Assets.xcassets in Resources */ = {isa = PBXBuildFile; fileRef = 9FC7120B297C66E300920CA1 /* Assets.xcassets */; };
		9FC7120F297C66E300920CA1 /* Preview Assets.xcassets in Resources */ = {isa = PBXBuildFile; fileRef = 9FC7120E297C66E300920CA1 /* Preview Assets.xcassets */; };
		9FC71218297C670000920CA1 /* Devices.xcdatamodeld in Sources */ = {isa = PBXBuildFile; fileRef = 9FC71216297C670000920CA1 /* Devices.xcdatamodeld */; };
		9FC7121A297C6ADC00920CA1 /* DataController.swift in Sources */ = {isa = PBXBuildFile; fileRef = 9FC71219297C6ADC00920CA1 /* DataController.swift */; };
		9FC7121C297C716800920CA1 /* DetailView.swift in Sources */ = {isa = PBXBuildFile; fileRef = 9FC7121B297C716800920CA1 /* DetailView.swift */; };
/* End PBXBuildFile section */

/* Begin PBXFileReference section */
		9F59D49A297D68D4003B4512 /* Device+CoreDataClass.swift */ = {isa = PBXFileReference; lastKnownFileType = sourcecode.swift; name = "Device+CoreDataClass.swift"; path = "RemoteControl/Device+CoreDataClass.swift"; sourceTree = "<group>"; };
		9F59D49B297D68D4003B4512 /* Device+CoreDataProperties.swift */ = {isa = PBXFileReference; lastKnownFileType = sourcecode.swift; name = "Device+CoreDataProperties.swift"; path = "RemoteControl/Device+CoreDataProperties.swift"; sourceTree = "<group>"; };
		9F59D49E297D7F74003B4512 /* DeviceExtensions.swift */ = {isa = PBXFileReference; lastKnownFileType = sourcecode.swift; path = DeviceExtensions.swift; sourceTree = "<group>"; };
		9F59D4A0297D86EF003B4512 /* Relay+CoreDataClass.swift */ = {isa = PBXFileReference; lastKnownFileType = sourcecode.swift; name = "Relay+CoreDataClass.swift"; path = "RemoteControl/Relay+CoreDataClass.swift"; sourceTree = "<group>"; };
		9F59D4A1297D86EF003B4512 /* Relay+CoreDataProperties.swift */ = {isa = PBXFileReference; lastKnownFileType = sourcecode.swift; name = "Relay+CoreDataProperties.swift"; path = "RemoteControl/Relay+CoreDataProperties.swift"; sourceTree = "<group>"; };
		9FC71204297C66E200920CA1 /* RemoteControl.app */ = {isa = PBXFileReference; explicitFileType = wrapper.application; includeInIndex = 0; path = RemoteControl.app; sourceTree = BUILT_PRODUCTS_DIR; };
		9FC71207297C66E200920CA1 /* RemoteControlApp.swift */ = {isa = PBXFileReference; lastKnownFileType = sourcecode.swift; path = RemoteControlApp.swift; sourceTree = "<group>"; };
		9FC71209297C66E200920CA1 /* ParentView.swift */ = {isa = PBXFileReference; lastKnownFileType = sourcecode.swift; path = ParentView.swift; sourceTree = "<group>"; };
		9FC7120B297C66E300920CA1 /* Assets.xcassets */ = {isa = PBXFileReference; lastKnownFileType = folder.assetcatalog; path = Assets.xcassets; sourceTree = "<group>"; };
		9FC7120E297C66E300920CA1 /* Preview Assets.xcassets */ = {isa = PBXFileReference; lastKnownFileType = folder.assetcatalog; path = "Preview Assets.xcassets"; sourceTree = "<group>"; };
		9FC71210297C66E300920CA1 /* RemoteControl.entitlements */ = {isa = PBXFileReference; lastKnownFileType = text.plist.entitlements; path = RemoteControl.entitlements; sourceTree = "<group>"; };
		9FC71217297C670000920CA1 /* DataModel.xcdatamodel */ = {isa = PBXFileReference; lastKnownFileType = wrapper.xcdatamodel; path = DataModel.xcdatamodel; sourceTree = "<group>"; };
		9FC71219297C6ADC00920CA1 /* DataController.swift */ = {isa = PBXFileReference; lastKnownFileType = sourcecode.swift; path = DataController.swift; sourceTree = "<group>"; };
		9FC7121B297C716800920CA1 /* DetailView.swift */ = {isa = PBXFileReference; lastKnownFileType = sourcecode.swift; path = DetailView.swift; sourceTree = "<group>"; };
/* End PBXFileReference section */

/* Begin PBXFrameworksBuildPhase section */
		9FC71201297C66E200920CA1 /* Frameworks */ = {
			isa = PBXFrameworksBuildPhase;
			buildActionMask = 2147483647;
			files = (
			);
			runOnlyForDeploymentPostprocessing = 0;
		};
/* End PBXFrameworksBuildPhase section */

/* Begin PBXGroup section */
		9FC711FB297C66E200920CA1 = {
			isa = PBXGroup;
			children = (
				9F59D4A0297D86EF003B4512 /* Relay+CoreDataClass.swift */,
				9F59D4A1297D86EF003B4512 /* Relay+CoreDataProperties.swift */,
				9F59D49A297D68D4003B4512 /* Device+CoreDataClass.swift */,
				9F59D49B297D68D4003B4512 /* Device+CoreDataProperties.swift */,
				9FC71206297C66E200920CA1 /* RemoteControl */,
				9FC71205297C66E200920CA1 /* Products */,
			);
			sourceTree = "<group>";
		};
		9FC71205297C66E200920CA1 /* Products */ = {
			isa = PBXGroup;
			children = (
				9FC71204297C66E200920CA1 /* RemoteControl.app */,
			);
			name = Products;
			sourceTree = "<group>";
		};
		9FC71206297C66E200920CA1 /* RemoteControl */ = {
			isa = PBXGroup;
			children = (
				9FC71207297C66E200920CA1 /* RemoteControlApp.swift */,
				9FC71209297C66E200920CA1 /* ParentView.swift */,
				9FC71216297C670000920CA1 /* Devices.xcdatamodeld */,
				9FC7120B297C66E300920CA1 /* Assets.xcassets */,
				9FC71210297C66E300920CA1 /* RemoteControl.entitlements */,
				9FC7120D297C66E300920CA1 /* Preview Content */,
				9FC71219297C6ADC00920CA1 /* DataController.swift */,
				9FC7121B297C716800920CA1 /* DetailView.swift */,
				9F59D49E297D7F74003B4512 /* DeviceExtensions.swift */,
			);
			path = RemoteControl;
			sourceTree = "<group>";
		};
		9FC7120D297C66E300920CA1 /* Preview Content */ = {
			isa = PBXGroup;
			children = (
				9FC7120E297C66E300920CA1 /* Preview Assets.xcassets */,
			);
			path = "Preview Content";
			sourceTree = "<group>";
		};
/* End PBXGroup section */

/* Begin PBXNativeTarget section */
		9FC71203297C66E200920CA1 /* RemoteControl */ = {
			isa = PBXNativeTarget;
			buildConfigurationList = 9FC71213297C66E300920CA1 /* Build configuration list for PBXNativeTarget "RemoteControl" */;
			buildPhases = (
				9FC71200297C66E200920CA1 /* Sources */,
				9FC71201297C66E200920CA1 /* Frameworks */,
				9FC71202297C66E200920CA1 /* Resources */,
			);
			buildRules = (
			);
			dependencies = (
			);
			name = RemoteControl;
			productName = RemoteControl;
			productReference = 9FC71204297C66E200920CA1 /* RemoteControl.app */;
			productType = "com.apple.product-type.application";
		};
/* End PBXNativeTarget section */

/* Begin PBXProject section */
		9FC711FC297C66E200920CA1 /* Project object */ = {
			isa = PBXProject;
			attributes = {
				BuildIndependentTargetsInParallel = 1;
				LastSwiftUpdateCheck = 1420;
				LastUpgradeCheck = 1420;
				TargetAttributes = {
					9FC71203297C66E200920CA1 = {
						CreatedOnToolsVersion = 14.2;
					};
				};
			};
			buildConfigurationList = 9FC711FF297C66E200920CA1 /* Build configuration list for PBXProject "RemoteControl" */;
			compatibilityVersion = "Xcode 14.0";
			developmentRegion = en;
			hasScannedForEncodings = 0;
			knownRegions = (
				en,
				Base,
			);
			mainGroup = 9FC711FB297C66E200920CA1;
			productRefGroup = 9FC71205297C66E200920CA1 /* Products */;
			projectDirPath = "";
			projectRoot = "";
			targets = (
				9FC71203297C66E200920CA1 /* RemoteControl */,
			);
		};
/* End PBXProject section */

/* Begin PBXResourcesBuildPhase section */
		9FC71202297C66E200920CA1 /* Resources */ = {
			isa = PBXResourcesBuildPhase;
			buildActionMask = 2147483647;
			files = (
				9FC7120F297C66E300920CA1 /* Preview Assets.xcassets in Resources */,
				9FC7120C297C66E300920CA1 /* Assets.xcassets in Resources */,
			);
			runOnlyForDeploymentPostprocessing = 0;
		};
/* End PBXResourcesBuildPhase section */

/* Begin PBXSourcesBuildPhase section */
		9FC71200297C66E200920CA1 /* Sources */ = {
			isa = PBXSourcesBuildPhase;
			buildActionMask = 2147483647;
			files = (
				9FC71218297C670000920CA1 /* Devices.xcdatamodeld in Sources */,
				9F59D4A3297D86EF003B4512 /* Relay+CoreDataProperties.swift in Sources */,
				9F59D4A2297D86EF003B4512 /* Relay+CoreDataClass.swift in Sources */,
				9F59D49F297D7F74003B4512 /* DeviceExtensions.swift in Sources */,
				9FC7121A297C6ADC00920CA1 /* DataController.swift in Sources */,
				9FC7121C297C716800920CA1 /* DetailView.swift in Sources */,
				9F59D49C297D68D4003B4512 /* Device+CoreDataClass.swift in Sources */,
				9F59D49D297D68D4003B4512 /* Device+CoreDataProperties.swift in Sources */,
				9FC7120A297C66E200920CA1 /* ParentView.swift in Sources */,
				9FC71208297C66E200920CA1 /* RemoteControlApp.swift in Sources */,
			);
			runOnlyForDeploymentPostprocessing = 0;
		};
/* End PBXSourcesBuildPhase section */

/* Begin XCBuildConfiguration section */
		9FC71211297C66E300920CA1 /* Debug */ = {
			isa = XCBuildConfiguration;
			buildSettings = {
				ALWAYS_SEARCH_USER_PATHS = NO;
				CLANG_ANALYZER_NONNULL = YES;
				CLANG_ANALYZER_NUMBER_OBJECT_CONVERSION = YES_AGGRESSIVE;
				CLANG_CXX_LANGUAGE_STANDARD = "gnu++20";
				CLANG_ENABLE_MODULES = YES;
				CLANG_ENABLE_OBJC_ARC = YES;
				CLANG_ENABLE_OBJC_WEAK = YES;
				CLANG_WARN_BLOCK_CAPTURE_AUTORELEASING = YES;
				CLANG_WARN_BOOL_CONVERSION = YES;
				CLANG_WARN_COMMA = YES;
				CLANG_WARN_CONSTANT_CONVERSION = YES;
				CLANG_WARN_DEPRECATED_OBJC_IMPLEMENTATIONS = YES;
				CLANG_WARN_DIRECT_OBJC_ISA_USAGE = YES_ERROR;
				CLANG_WARN_DOCUMENTATION_COMMENTS = YES;
				CLANG_WARN_EMPTY_BODY = YES;
				CLANG_WARN_ENUM_CONVERSION = YES;
				CLANG_WARN_INFINITE_RECURSION = YES;
				CLANG_WARN_INT_CONVERSION = YES;
				CLANG_WARN_NON_LITERAL_NULL_CONVERSION = YES;
				CLANG_WARN_OBJC_IMPLICIT_RETAIN_SELF = YES;
				CLANG_WARN_OBJC_LITERAL_CONVERSION = YES;
				CLANG_WARN_OBJC_ROOT_CLASS = YES_ERROR;
				CLANG_WARN_QUOTED_INCLUDE_IN_FRAMEWORK_HEADER = YES;
				CLANG_WARN_RANGE_LOOP_ANALYSIS = YES;
				CLANG_WARN_STRICT_PROTOTYPES = YES;
				CLANG_WARN_SUSPICIOUS_MOVE = YES;
				CLANG_WARN_UNGUARDED_AVAILABILITY = YES_AGGRESSIVE;
				CLANG_WARN_UNREACHABLE_CODE = YES;
				CLANG_WARN__DUPLICATE_METHOD_MATCH = YES;
				COPY_PHASE_STRIP = NO;
				DEBUG_INFORMATION_FORMAT = dwarf;
				ENABLE_STRICT_OBJC_MSGSEND = YES;
				ENABLE_TESTABILITY = YES;
				GCC_C_LANGUAGE_STANDARD = gnu11;
				GCC_DYNAMIC_NO_PIC = NO;
				GCC_NO_COMMON_BLOCKS = YES;
				GCC_OPTIMIZATION_LEVEL = 0;
				GCC_PREPROCESSOR_DEFINITIONS = (
					"DEBUG=1",
					"$(inherited)",
				);
				GCC_WARN_64_TO_32_BIT_CONVERSION = YES;
				GCC_WARN_ABOUT_RETURN_TYPE = YES_ERROR;
				GCC_WARN_UNDECLARED_SELECTOR = YES;
				GCC_WARN_UNINITIALIZED_AUTOS = YES_AGGRESSIVE;
				GCC_WARN_UNUSED_FUNCTION = YES;
				GCC_WARN_UNUSED_VARIABLE = YES;
				MACOSX_DEPLOYMENT_TARGET = 13.1;
				MTL_ENABLE_DEBUG_INFO = INCLUDE_SOURCE;
				MTL_FAST_MATH = YES;
				ONLY_ACTIVE_ARCH = YES;
				SDKROOT = macosx;
				SWIFT_ACTIVE_COMPILATION_CONDITIONS = DEBUG;
				SWIFT_OPTIMIZATION_LEVEL = "-Onone";
			};
			name = Debug;
		};
		9FC71212297C66E300920CA1 /* Release */ = {
			isa = XCBuildConfiguration;
			buildSettings = {
				ALWAYS_SEARCH_USER_PATHS = NO;
				CLANG_ANALYZER_NONNULL = YES;
				CLANG_ANALYZER_NUMBER_OBJECT_CONVERSION = YES_AGGRESSIVE;
				CLANG_CXX_LANGUAGE_STANDARD = "gnu++20";
				CLANG_ENABLE_MODULES = YES;
				CLANG_ENABLE_OBJC_ARC = YES;
				CLANG_ENABLE_OBJC_WEAK = YES;
				CLANG_WARN_BLOCK_CAPTURE_AUTORELEASING = YES;
				CLANG_WARN_BOOL_CONVERSION = YES;
				CLANG_WARN_COMMA = YES;
				CLANG_WARN_CONSTANT_CONVERSION = YES;
				CLANG_WARN_DEPRECATED_OBJC_IMPLEMENTATIONS = YES;
				CLANG_WARN_DIRECT_OBJC_ISA_USAGE = YES_ERROR;
				CLANG_WARN_DOCUMENTATION_COMMENTS = YES;
				CLANG_WARN_EMPTY_BODY = YES;
				CLANG_WARN_ENUM_CONVERSION = YES;
				CLANG_WARN_INFINITE_RECURSION = YES;
				CLANG_WARN_INT_CONVERSION = YES;
				CLANG_WARN_NON_LITERAL_NULL_CONVERSION = YES;
				CLANG_WARN_OBJC_IMPLICIT_RETAIN_SELF = YES;
				CLANG_WARN_OBJC_LITERAL_CONVERSION = YES;
				CLANG_WARN_OBJC_ROOT_CLASS = YES_ERROR;
				CLANG_WARN_QUOTED_INCLUDE_IN_FRAMEWORK_HEADER = YES;
				CLANG_WARN_RANGE_LOOP_ANALYSIS = YES;
				CLANG_WARN_STRICT_PROTOTYPES = YES;
				CLANG_WARN_SUSPICIOUS_MOVE = YES;
				CLANG_WARN_UNGUARDED_AVAILABILITY = YES_AGGRESSIVE;
				CLANG_WARN_UNREACHABLE_CODE = YES;
				CLANG_WARN__DUPLICATE_METHOD_MATCH = YES;
				COPY_PHASE_STRIP = NO;
				DEBUG_INFORMATION_FORMAT = "dwarf-with-dsym";
				ENABLE_NS_ASSERTIONS = NO;
				ENABLE_STRICT_OBJC_MSGSEND = YES;
				GCC_C_LANGUAGE_STANDARD = gnu11;
				GCC_NO_COMMON_BLOCKS = YES;
				GCC_WARN_64_TO_32_BIT_CONVERSION = YES;
				GCC_WARN_ABOUT_RETURN_TYPE = YES_ERROR;
				GCC_WARN_UNDECLARED_SELECTOR = YES;
				GCC_WARN_UNINITIALIZED_AUTOS = YES_AGGRESSIVE;
				GCC_WARN_UNUSED_FUNCTION = YES;
				GCC_WARN_UNUSED_VARIABLE = YES;
				MACOSX_DEPLOYMENT_TARGET = 13.1;
				MTL_ENABLE_DEBUG_INFO = NO;
				MTL_FAST_MATH = YES;
				SDKROOT = macosx;
				SWIFT_COMPILATION_MODE = wholemodule;
				SWIFT_OPTIMIZATION_LEVEL = "-O";
			};
			name = Release;
		};
		9FC71214297C66E300920CA1 /* Debug */ = {
			isa = XCBuildConfiguration;
			buildSettings = {
				ASSETCATALOG_COMPILER_APPICON_NAME = AppIcon;
				ASSETCATALOG_COMPILER_GLOBAL_ACCENT_COLOR_NAME = AccentColor;
				CODE_SIGN_ENTITLEMENTS = RemoteControl/RemoteControl.entitlements;
				CODE_SIGN_STYLE = Automatic;
				COMBINE_HIDPI_IMAGES = YES;
				CURRENT_PROJECT_VERSION = 1;
				DEVELOPMENT_ASSET_PATHS = "\"RemoteControl/Preview Content\"";
				DEVELOPMENT_TEAM = EE5B8TYXGA;
				ENABLE_HARDENED_RUNTIME = YES;
				ENABLE_PREVIEWS = YES;
				GENERATE_INFOPLIST_FILE = YES;
				INFOPLIST_KEY_NSHumanReadableCopyright = "";
				LD_RUNPATH_SEARCH_PATHS = (
					"$(inherited)",
					"@executable_path/../Frameworks",
				);
				MARKETING_VERSION = 1.1;
				PRODUCT_BUNDLE_IDENTIFIER = net.k3tzr.RemoteControl;
				PRODUCT_NAME = "$(TARGET_NAME)";
				SWIFT_EMIT_LOC_STRINGS = YES;
				SWIFT_VERSION = 5.0;
			};
			name = Debug;
		};
		9FC71215297C66E300920CA1 /* Release */ = {
			isa = XCBuildConfiguration;
			buildSettings = {
				ASSETCATALOG_COMPILER_APPICON_NAME = AppIcon;
				ASSETCATALOG_COMPILER_GLOBAL_ACCENT_COLOR_NAME = AccentColor;
				CODE_SIGN_ENTITLEMENTS = RemoteControl/RemoteControl.entitlements;
				CODE_SIGN_STYLE = Automatic;
				COMBINE_HIDPI_IMAGES = YES;
				CURRENT_PROJECT_VERSION = 1;
				DEVELOPMENT_ASSET_PATHS = "\"RemoteControl/Preview Content\"";
				DEVELOPMENT_TEAM = EE5B8TYXGA;
				ENABLE_HARDENED_RUNTIME = YES;
				ENABLE_PREVIEWS = YES;
				GENERATE_INFOPLIST_FILE = YES;
				INFOPLIST_KEY_NSHumanReadableCopyright = "";
				LD_RUNPATH_SEARCH_PATHS = (
					"$(inherited)",
					"@executable_path/../Frameworks",
				);
				MARKETING_VERSION = 1.1;
				PRODUCT_BUNDLE_IDENTIFIER = net.k3tzr.RemoteControl;
				PRODUCT_NAME = "$(TARGET_NAME)";
				SWIFT_EMIT_LOC_STRINGS = YES;
				SWIFT_VERSION = 5.0;
			};
			name = Release;
		};
/* End XCBuildConfiguration section */

/* Begin XCConfigurationList section */
		9FC711FF297C66E200920CA1 /* Build configuration list for PBXProject "RemoteControl" */ = {
			isa = XCConfigurationList;
			buildConfigurations = (
				9FC71211297C66E300920CA1 /* Debug */,
				9FC71212297C66E300920CA1 /* Release */,
			);
			defaultConfigurationIsVisible = 0;
			defaultConfigurationName = Release;
		};
		9FC71213297C66E300920CA1 /* Build configuration list for PBXNativeTarget "RemoteControl" */ = {
			isa = XCConfigurationList;
			buildConfigurations = (
				9FC71214297C66E300920CA1 /* Debug */,
				9FC71215297C66E300920CA1 /* Release */,
			);
			defaultConfigurationIsVisible = 0;
			defaultConfigurationName = Release;
		};
/* End XCConfigurationList section */

/* Begin XCVersionGroup section */
		9FC71216297C670000920CA1 /* Devices.xcdatamodeld */ = {
			isa = XCVersionGroup;
			children = (
				9FC71217297C670000920CA1 /* DataModel.xcdatamodel */,
			);
			currentVersion = 9FC71217297C670000920CA1 /* DataModel.xcdatamodel */;
			path = Devices.xcdatamodeld;
			sourceTree = "<group>";
			versionGroupType = wrapper.xcdatamodel;
		};
/* End XCVersionGroup section */
	};
	rootObject = 9FC711FC297C66E200920CA1 /* Project object */;
}
